
Microsoft Visual Studio Solution File, Format Version 12.00
# Visual Studio Version 17
VisualStudioVersion = 17.0.31903.59
MinimumVisualStudioVersion = 10.0.40219.1
Project("{2150E333-8FDC-42A3-9474-1A3956D46DE8}") = "src", "src", "{A1B2C3D4-E5F6-7890-ABCD-EF1234567890}"
EndProject
Project("{2150E333-8FDC-42A3-9474-1A3956D46DE8}") = "tests", "tests", "{B2C3D4E5-F6A7-8901-BCDE-F12345678901}"
EndProject
Project("{FAE04EC0-301F-11D3-BF4B-00C04F79EFBC}") = "Oluso", "src\backend\Oluso\Oluso.csproj", "{01234567-89AB-CDEF-0123-456789ABCDEF}"
EndProject
Project("{FAE04EC0-301F-11D3-BF4B-00C04F79EFBC}") = "Oluso.Core", "src\backend\Oluso.Core\Oluso.Core.csproj", "{12345678-9ABC-DEF0-1234-56789ABCDEF0}"
EndProject
Project("{FAE04EC0-301F-11D3-BF4B-00C04F79EFBC}") = "Oluso.EntityFramework", "src\backend\Oluso.EntityFramework\Oluso.EntityFramework.csproj", "{23456789-ABCD-EF01-2345-6789ABCDEF01}"
EndProject
Project("{FAE04EC0-301F-11D3-BF4B-00C04F79EFBC}") = "Oluso.Enterprise.Fido2", "src\backend\Oluso.Enterprise\Fido2\Oluso.Enterprise.Fido2.csproj", "{3456789A-BCDE-F012-3456-789ABCDEF012}"
EndProject
Project("{FAE04EC0-301F-11D3-BF4B-00C04F79EFBC}") = "Oluso.Enterprise.Ldap", "src\backend\Oluso.Enterprise\Ldap\Oluso.Enterprise.Ldap.csproj", "{456789AB-CDEF-0123-4567-89ABCDEF0123}"
EndProject
Project("{FAE04EC0-301F-11D3-BF4B-00C04F79EFBC}") = "Oluso.Enterprise.Saml", "src\backend\Oluso.Enterprise\Saml\Oluso.Enterprise.Saml.csproj", "{56789ABC-DEF0-1234-5678-9ABCDEF01234}"
EndProject
Project("{FAE04EC0-301F-11D3-BF4B-00C04F79EFBC}") = "Oluso.UI", "src\backend\Oluso.UI\Oluso.UI.csproj", "{7F4F868D-0035-4240-9D60-703F37CF43FA}"
EndProject
Project("{FAE04EC0-301F-11D3-BF4B-00C04F79EFBC}") = "Oluso.Enterprise.AzureKeyVault", "src\backend\Oluso.Enterprise\AzureKeyVault\Oluso.Enterprise.AzureKeyVault.csproj", "{72C81C8D-D379-4A42-A24F-61A0E073384D}"
EndProject
Project("{FAE04EC0-301F-11D3-BF4B-00C04F79EFBC}") = "Oluso.Admin", "src\backend\Oluso.Admin\Oluso.Admin.csproj", "{6FA87D48-0A1A-4683-A042-8A6AD922EA04}"
EndProject
Project("{2150E333-8FDC-42A3-9474-1A3956D46DE8}") = "samples", "samples", "{5D20AA90-6969-D8BD-9DCD-8634F4692FDA}"
EndProject
Project("{FAE04EC0-301F-11D3-BF4B-00C04F79EFBC}") = "Oluso.Sample", "samples\Oluso.Sample\Oluso.Sample.csproj", "{65CD59F2-6628-4C50-BF0E-9CE490CA3DD0}"
EndProject
Project("{2150E333-8FDC-42A3-9474-1A3956D46DE8}") = "Oluso.Enterprise", "Oluso.Enterprise", "{D92C2F84-0758-84FD-AFAF-C716EE92515D}"
EndProject
Project("{2150E333-8FDC-42A3-9474-1A3956D46DE8}") = "Scim", "Scim", "{DA3F6D4A-4BDB-A8C2-E5BC-B271C90F99CF}"
EndProject
Project("{FAE04EC0-301F-11D3-BF4B-00C04F79EFBC}") = "Oluso.Enterprise.Scim", "src\backend\Oluso.Enterprise\Scim\Oluso.Enterprise.Scim.csproj", "{ED4B2622-263D-44E6-B245-7930BFB67618}"
EndProject
Project("{2150E333-8FDC-42A3-9474-1A3956D46DE8}") = "AzureWebhooks", "AzureWebhooks", "{57C239FF-B37E-BA1A-2010-CFDE7F07F27E}"
EndProject
Project("{FAE04EC0-301F-11D3-BF4B-00C04F79EFBC}") = "Oluso.Enterprise.AzureWebhooks", "src\backend\Oluso.Enterprise\AzureWebhooks\Oluso.Enterprise.AzureWebhooks.csproj", "{4B9EF4D0-262C-4326-94B5-92FBD31F7575}"
EndProject
Project("{FAE04EC0-301F-11D3-BF4B-00C04F79EFBC}") = "Oluso.Core.Tests", "tests\Oluso.Core.Tests\Oluso.Core.Tests.csproj", "{D06A3CAE-D740-4352-BFA9-B713505888B8}"
EndProject
Project("{FAE04EC0-301F-11D3-BF4B-00C04F79EFBC}") = "Oluso.Tests", "tests\Oluso.Tests\Oluso.Tests.csproj", "{6A153261-950B-45FF-99D6-91A85E805DF2}"
EndProject
Project("{FAE04EC0-301F-11D3-BF4B-00C04F79EFBC}") = "Oluso.Enterprise.Fido2.Tests", "tests\Oluso.Enterprise.Fido2.Tests\Oluso.Enterprise.Fido2.Tests.csproj", "{F2B7A739-E41B-43A8-A446-6A3A3BFA6D45}"
EndProject
Project("{FAE04EC0-301F-11D3-BF4B-00C04F79EFBC}") = "Oluso.Enterprise.Saml.Tests", "tests\Oluso.Enterprise.Saml.Tests\Oluso.Enterprise.Saml.Tests.csproj", "{8479C1FD-DBA6-4F76-A787-241F7284EFE9}"
EndProject
Project("{FAE04EC0-301F-11D3-BF4B-00C04F79EFBC}") = "Oluso.Enterprise.Scim.Tests", "tests\Oluso.Enterprise.Scim.Tests\Oluso.Enterprise.Scim.Tests.csproj", "{C8244713-A449-455A-A2EB-E89E20D6D137}"
EndProject
Project("{FAE04EC0-301F-11D3-BF4B-00C04F79EFBC}") = "Oluso.Integration.Tests", "tests\Oluso.Integration.Tests\Oluso.Integration.Tests.csproj", "{2B4506AE-B3EB-47A6-97A7-D79651CA5D6B}"
EndProject
Project("{FAE04EC0-301F-11D3-BF4B-00C04F79EFBC}") = "Oluso.E2E.Tests", "tests\Oluso.E2E.Tests\Oluso.E2E.Tests.csproj", "{004BA099-9D58-442A-AA08-DA510A42E014}"
EndProject
Project("{FAE04EC0-301F-11D3-BF4B-00C04F79EFBC}") = "Oluso.Enterprise.Ldap.Tests", "tests\Oluso.Enterprise.Ldap.Tests\Oluso.Enterprise.Ldap.Tests.csproj", "{95A93E5F-3AD9-46D5-B258-C8ADD38C88C4}"
EndProject
Project("{FAE04EC0-301F-11D3-BF4B-00C04F79EFBC}") = "Oluso.Telemetry.Abstractions", "src\backend\Oluso.Telemetry.Abstractions\Oluso.Telemetry.Abstractions.csproj", "{221A56AD-5146-46C6-B605-9B845BB673C2}"
EndProject
Project("{FAE04EC0-301F-11D3-BF4B-00C04F79EFBC}") = "Oluso.Telemetry.OpenTelemetry", "src\backend\Oluso.Telemetry.OpenTelemetry\Oluso.Telemetry.OpenTelemetry.csproj", "{2006F572-6CF7-4CA0-A89A-8F9175C64770}"
EndProject
Project("{FAE04EC0-301F-11D3-BF4B-00C04F79EFBC}") = "Oluso.Account", "src\backend\Oluso.Account\Oluso.Account.csproj", "{58EDF5D0-621A-413E-A937-44C9BB855601}"
EndProject
Global
	GlobalSection(SolutionConfigurationPlatforms) = preSolution
		Debug|Any CPU = Debug|Any CPU
		Debug|x64 = Debug|x64
		Debug|x86 = Debug|x86
		Release|Any CPU = Release|Any CPU
		Release|x64 = Release|x64
		Release|x86 = Release|x86
	EndGlobalSection
	GlobalSection(ProjectConfigurationPlatforms) = postSolution
		{01234567-89AB-CDEF-0123-456789ABCDEF}.Debug|Any CPU.ActiveCfg = Debug|Any CPU
		{01234567-89AB-CDEF-0123-456789ABCDEF}.Debug|Any CPU.Build.0 = Debug|Any CPU
		{01234567-89AB-CDEF-0123-456789ABCDEF}.Debug|x64.ActiveCfg = Debug|Any CPU
		{01234567-89AB-CDEF-0123-456789ABCDEF}.Debug|x64.Build.0 = Debug|Any CPU
		{01234567-89AB-CDEF-0123-456789ABCDEF}.Debug|x86.ActiveCfg = Debug|Any CPU
		{01234567-89AB-CDEF-0123-456789ABCDEF}.Debug|x86.Build.0 = Debug|Any CPU
		{01234567-89AB-CDEF-0123-456789ABCDEF}.Release|Any CPU.ActiveCfg = Release|Any CPU
		{01234567-89AB-CDEF-0123-456789ABCDEF}.Release|Any CPU.Build.0 = Release|Any CPU
		{01234567-89AB-CDEF-0123-456789ABCDEF}.Release|x64.ActiveCfg = Release|Any CPU
		{01234567-89AB-CDEF-0123-456789ABCDEF}.Release|x64.Build.0 = Release|Any CPU
		{01234567-89AB-CDEF-0123-456789ABCDEF}.Release|x86.ActiveCfg = Release|Any CPU
		{01234567-89AB-CDEF-0123-456789ABCDEF}.Release|x86.Build.0 = Release|Any CPU
		{12345678-9ABC-DEF0-1234-56789ABCDEF0}.Debug|Any CPU.ActiveCfg = Debug|Any CPU
		{12345678-9ABC-DEF0-1234-56789ABCDEF0}.Debug|Any CPU.Build.0 = Debug|Any CPU
		{12345678-9ABC-DEF0-1234-56789ABCDEF0}.Debug|x64.ActiveCfg = Debug|Any CPU
		{12345678-9ABC-DEF0-1234-56789ABCDEF0}.Debug|x64.Build.0 = Debug|Any CPU
		{12345678-9ABC-DEF0-1234-56789ABCDEF0}.Debug|x86.ActiveCfg = Debug|Any CPU
		{12345678-9ABC-DEF0-1234-56789ABCDEF0}.Debug|x86.Build.0 = Debug|Any CPU
		{12345678-9ABC-DEF0-1234-56789ABCDEF0}.Release|Any CPU.ActiveCfg = Release|Any CPU
		{12345678-9ABC-DEF0-1234-56789ABCDEF0}.Release|Any CPU.Build.0 = Release|Any CPU
		{12345678-9ABC-DEF0-1234-56789ABCDEF0}.Release|x64.ActiveCfg = Release|Any CPU
		{12345678-9ABC-DEF0-1234-56789ABCDEF0}.Release|x64.Build.0 = Release|Any CPU
		{12345678-9ABC-DEF0-1234-56789ABCDEF0}.Release|x86.ActiveCfg = Release|Any CPU
		{12345678-9ABC-DEF0-1234-56789ABCDEF0}.Release|x86.Build.0 = Release|Any CPU
		{23456789-ABCD-EF01-2345-6789ABCDEF01}.Debug|Any CPU.ActiveCfg = Debug|Any CPU
		{23456789-ABCD-EF01-2345-6789ABCDEF01}.Debug|Any CPU.Build.0 = Debug|Any CPU
		{23456789-ABCD-EF01-2345-6789ABCDEF01}.Debug|x64.ActiveCfg = Debug|Any CPU
		{23456789-ABCD-EF01-2345-6789ABCDEF01}.Debug|x64.Build.0 = Debug|Any CPU
		{23456789-ABCD-EF01-2345-6789ABCDEF01}.Debug|x86.ActiveCfg = Debug|Any CPU
		{23456789-ABCD-EF01-2345-6789ABCDEF01}.Debug|x86.Build.0 = Debug|Any CPU
		{23456789-ABCD-EF01-2345-6789ABCDEF01}.Release|Any CPU.ActiveCfg = Release|Any CPU
		{23456789-ABCD-EF01-2345-6789ABCDEF01}.Release|Any CPU.Build.0 = Release|Any CPU
		{23456789-ABCD-EF01-2345-6789ABCDEF01}.Release|x64.ActiveCfg = Release|Any CPU
		{23456789-ABCD-EF01-2345-6789ABCDEF01}.Release|x64.Build.0 = Release|Any CPU
		{23456789-ABCD-EF01-2345-6789ABCDEF01}.Release|x86.ActiveCfg = Release|Any CPU
		{23456789-ABCD-EF01-2345-6789ABCDEF01}.Release|x86.Build.0 = Release|Any CPU
		{3456789A-BCDE-F012-3456-789ABCDEF012}.Debug|Any CPU.ActiveCfg = Debug|Any CPU
		{3456789A-BCDE-F012-3456-789ABCDEF012}.Debug|Any CPU.Build.0 = Debug|Any CPU
		{3456789A-BCDE-F012-3456-789ABCDEF012}.Debug|x64.ActiveCfg = Debug|Any CPU
		{3456789A-BCDE-F012-3456-789ABCDEF012}.Debug|x64.Build.0 = Debug|Any CPU
		{3456789A-BCDE-F012-3456-789ABCDEF012}.Debug|x86.ActiveCfg = Debug|Any CPU
		{3456789A-BCDE-F012-3456-789ABCDEF012}.Debug|x86.Build.0 = Debug|Any CPU
		{3456789A-BCDE-F012-3456-789ABCDEF012}.Release|Any CPU.ActiveCfg = Release|Any CPU
		{3456789A-BCDE-F012-3456-789ABCDEF012}.Release|Any CPU.Build.0 = Release|Any CPU
		{3456789A-BCDE-F012-3456-789ABCDEF012}.Release|x64.ActiveCfg = Release|Any CPU
		{3456789A-BCDE-F012-3456-789ABCDEF012}.Release|x64.Build.0 = Release|Any CPU
		{3456789A-BCDE-F012-3456-789ABCDEF012}.Release|x86.ActiveCfg = Release|Any CPU
		{3456789A-BCDE-F012-3456-789ABCDEF012}.Release|x86.Build.0 = Release|Any CPU
		{456789AB-CDEF-0123-4567-89ABCDEF0123}.Debug|Any CPU.ActiveCfg = Debug|Any CPU
		{456789AB-CDEF-0123-4567-89ABCDEF0123}.Debug|Any CPU.Build.0 = Debug|Any CPU
		{456789AB-CDEF-0123-4567-89ABCDEF0123}.Debug|x64.ActiveCfg = Debug|Any CPU
		{456789AB-CDEF-0123-4567-89ABCDEF0123}.Debug|x64.Build.0 = Debug|Any CPU
		{456789AB-CDEF-0123-4567-89ABCDEF0123}.Debug|x86.ActiveCfg = Debug|Any CPU
		{456789AB-CDEF-0123-4567-89ABCDEF0123}.Debug|x86.Build.0 = Debug|Any CPU
		{456789AB-CDEF-0123-4567-89ABCDEF0123}.Release|Any CPU.ActiveCfg = Release|Any CPU
		{456789AB-CDEF-0123-4567-89ABCDEF0123}.Release|Any CPU.Build.0 = Release|Any CPU
		{456789AB-CDEF-0123-4567-89ABCDEF0123}.Release|x64.ActiveCfg = Release|Any CPU
		{456789AB-CDEF-0123-4567-89ABCDEF0123}.Release|x64.Build.0 = Release|Any CPU
		{456789AB-CDEF-0123-4567-89ABCDEF0123}.Release|x86.ActiveCfg = Release|Any CPU
		{456789AB-CDEF-0123-4567-89ABCDEF0123}.Release|x86.Build.0 = Release|Any CPU
		{56789ABC-DEF0-1234-5678-9ABCDEF01234}.Debug|Any CPU.ActiveCfg = Debug|Any CPU
		{56789ABC-DEF0-1234-5678-9ABCDEF01234}.Debug|Any CPU.Build.0 = Debug|Any CPU
		{56789ABC-DEF0-1234-5678-9ABCDEF01234}.Debug|x64.ActiveCfg = Debug|Any CPU
		{56789ABC-DEF0-1234-5678-9ABCDEF01234}.Debug|x64.Build.0 = Debug|Any CPU
		{56789ABC-DEF0-1234-5678-9ABCDEF01234}.Debug|x86.ActiveCfg = Debug|Any CPU
		{56789ABC-DEF0-1234-5678-9ABCDEF01234}.Debug|x86.Build.0 = Debug|Any CPU
		{56789ABC-DEF0-1234-5678-9ABCDEF01234}.Release|Any CPU.ActiveCfg = Release|Any CPU
		{56789ABC-DEF0-1234-5678-9ABCDEF01234}.Release|Any CPU.Build.0 = Release|Any CPU
		{56789ABC-DEF0-1234-5678-9ABCDEF01234}.Release|x64.ActiveCfg = Release|Any CPU
		{56789ABC-DEF0-1234-5678-9ABCDEF01234}.Release|x64.Build.0 = Release|Any CPU
		{56789ABC-DEF0-1234-5678-9ABCDEF01234}.Release|x86.ActiveCfg = Release|Any CPU
		{56789ABC-DEF0-1234-5678-9ABCDEF01234}.Release|x86.Build.0 = Release|Any CPU
		{7F4F868D-0035-4240-9D60-703F37CF43FA}.Debug|Any CPU.ActiveCfg = Debug|Any CPU
		{7F4F868D-0035-4240-9D60-703F37CF43FA}.Debug|Any CPU.Build.0 = Debug|Any CPU
		{7F4F868D-0035-4240-9D60-703F37CF43FA}.Debug|x64.ActiveCfg = Debug|Any CPU
		{7F4F868D-0035-4240-9D60-703F37CF43FA}.Debug|x64.Build.0 = Debug|Any CPU
		{7F4F868D-0035-4240-9D60-703F37CF43FA}.Debug|x86.ActiveCfg = Debug|Any CPU
		{7F4F868D-0035-4240-9D60-703F37CF43FA}.Debug|x86.Build.0 = Debug|Any CPU
		{7F4F868D-0035-4240-9D60-703F37CF43FA}.Release|Any CPU.ActiveCfg = Release|Any CPU
		{7F4F868D-0035-4240-9D60-703F37CF43FA}.Release|Any CPU.Build.0 = Release|Any CPU
		{7F4F868D-0035-4240-9D60-703F37CF43FA}.Release|x64.ActiveCfg = Release|Any CPU
		{7F4F868D-0035-4240-9D60-703F37CF43FA}.Release|x64.Build.0 = Release|Any CPU
		{7F4F868D-0035-4240-9D60-703F37CF43FA}.Release|x86.ActiveCfg = Release|Any CPU
		{7F4F868D-0035-4240-9D60-703F37CF43FA}.Release|x86.Build.0 = Release|Any CPU
		{72C81C8D-D379-4A42-A24F-61A0E073384D}.Debug|Any CPU.ActiveCfg = Debug|Any CPU
		{72C81C8D-D379-4A42-A24F-61A0E073384D}.Debug|Any CPU.Build.0 = Debug|Any CPU
		{72C81C8D-D379-4A42-A24F-61A0E073384D}.Debug|x64.ActiveCfg = Debug|Any CPU
		{72C81C8D-D379-4A42-A24F-61A0E073384D}.Debug|x64.Build.0 = Debug|Any CPU
		{72C81C8D-D379-4A42-A24F-61A0E073384D}.Debug|x86.ActiveCfg = Debug|Any CPU
		{72C81C8D-D379-4A42-A24F-61A0E073384D}.Debug|x86.Build.0 = Debug|Any CPU
		{72C81C8D-D379-4A42-A24F-61A0E073384D}.Release|Any CPU.ActiveCfg = Release|Any CPU
		{72C81C8D-D379-4A42-A24F-61A0E073384D}.Release|Any CPU.Build.0 = Release|Any CPU
		{72C81C8D-D379-4A42-A24F-61A0E073384D}.Release|x64.ActiveCfg = Release|Any CPU
		{72C81C8D-D379-4A42-A24F-61A0E073384D}.Release|x64.Build.0 = Release|Any CPU
		{72C81C8D-D379-4A42-A24F-61A0E073384D}.Release|x86.ActiveCfg = Release|Any CPU
		{72C81C8D-D379-4A42-A24F-61A0E073384D}.Release|x86.Build.0 = Release|Any CPU
		{6FA87D48-0A1A-4683-A042-8A6AD922EA04}.Debug|Any CPU.ActiveCfg = Debug|Any CPU
		{6FA87D48-0A1A-4683-A042-8A6AD922EA04}.Debug|Any CPU.Build.0 = Debug|Any CPU
		{6FA87D48-0A1A-4683-A042-8A6AD922EA04}.Debug|x64.ActiveCfg = Debug|Any CPU
		{6FA87D48-0A1A-4683-A042-8A6AD922EA04}.Debug|x64.Build.0 = Debug|Any CPU
		{6FA87D48-0A1A-4683-A042-8A6AD922EA04}.Debug|x86.ActiveCfg = Debug|Any CPU
		{6FA87D48-0A1A-4683-A042-8A6AD922EA04}.Debug|x86.Build.0 = Debug|Any CPU
		{6FA87D48-0A1A-4683-A042-8A6AD922EA04}.Release|Any CPU.ActiveCfg = Release|Any CPU
		{6FA87D48-0A1A-4683-A042-8A6AD922EA04}.Release|Any CPU.Build.0 = Release|Any CPU
		{6FA87D48-0A1A-4683-A042-8A6AD922EA04}.Release|x64.ActiveCfg = Release|Any CPU
		{6FA87D48-0A1A-4683-A042-8A6AD922EA04}.Release|x64.Build.0 = Release|Any CPU
		{6FA87D48-0A1A-4683-A042-8A6AD922EA04}.Release|x86.ActiveCfg = Release|Any CPU
		{6FA87D48-0A1A-4683-A042-8A6AD922EA04}.Release|x86.Build.0 = Release|Any CPU
		{65CD59F2-6628-4C50-BF0E-9CE490CA3DD0}.Debug|Any CPU.ActiveCfg = Debug|Any CPU
		{65CD59F2-6628-4C50-BF0E-9CE490CA3DD0}.Debug|Any CPU.Build.0 = Debug|Any CPU
		{65CD59F2-6628-4C50-BF0E-9CE490CA3DD0}.Debug|x64.ActiveCfg = Debug|Any CPU
		{65CD59F2-6628-4C50-BF0E-9CE490CA3DD0}.Debug|x64.Build.0 = Debug|Any CPU
		{65CD59F2-6628-4C50-BF0E-9CE490CA3DD0}.Debug|x86.ActiveCfg = Debug|Any CPU
		{65CD59F2-6628-4C50-BF0E-9CE490CA3DD0}.Debug|x86.Build.0 = Debug|Any CPU
		{65CD59F2-6628-4C50-BF0E-9CE490CA3DD0}.Release|Any CPU.ActiveCfg = Release|Any CPU
		{65CD59F2-6628-4C50-BF0E-9CE490CA3DD0}.Release|Any CPU.Build.0 = Release|Any CPU
		{65CD59F2-6628-4C50-BF0E-9CE490CA3DD0}.Release|x64.ActiveCfg = Release|Any CPU
		{65CD59F2-6628-4C50-BF0E-9CE490CA3DD0}.Release|x64.Build.0 = Release|Any CPU
		{65CD59F2-6628-4C50-BF0E-9CE490CA3DD0}.Release|x86.ActiveCfg = Release|Any CPU
		{65CD59F2-6628-4C50-BF0E-9CE490CA3DD0}.Release|x86.Build.0 = Release|Any CPU
		{ED4B2622-263D-44E6-B245-7930BFB67618}.Debug|Any CPU.ActiveCfg = Debug|Any CPU
		{ED4B2622-263D-44E6-B245-7930BFB67618}.Debug|Any CPU.Build.0 = Debug|Any CPU
		{ED4B2622-263D-44E6-B245-7930BFB67618}.Debug|x64.ActiveCfg = Debug|Any CPU
		{ED4B2622-263D-44E6-B245-7930BFB67618}.Debug|x64.Build.0 = Debug|Any CPU
		{ED4B2622-263D-44E6-B245-7930BFB67618}.Debug|x86.ActiveCfg = Debug|Any CPU
		{ED4B2622-263D-44E6-B245-7930BFB67618}.Debug|x86.Build.0 = Debug|Any CPU
		{ED4B2622-263D-44E6-B245-7930BFB67618}.Release|Any CPU.ActiveCfg = Release|Any CPU
		{ED4B2622-263D-44E6-B245-7930BFB67618}.Release|Any CPU.Build.0 = Release|Any CPU
		{ED4B2622-263D-44E6-B245-7930BFB67618}.Release|x64.ActiveCfg = Release|Any CPU
		{ED4B2622-263D-44E6-B245-7930BFB67618}.Release|x64.Build.0 = Release|Any CPU
		{ED4B2622-263D-44E6-B245-7930BFB67618}.Release|x86.ActiveCfg = Release|Any CPU
		{ED4B2622-263D-44E6-B245-7930BFB67618}.Release|x86.Build.0 = Release|Any CPU
		{4B9EF4D0-262C-4326-94B5-92FBD31F7575}.Debug|Any CPU.ActiveCfg = Debug|Any CPU
		{4B9EF4D0-262C-4326-94B5-92FBD31F7575}.Debug|Any CPU.Build.0 = Debug|Any CPU
		{4B9EF4D0-262C-4326-94B5-92FBD31F7575}.Debug|x64.ActiveCfg = Debug|Any CPU
		{4B9EF4D0-262C-4326-94B5-92FBD31F7575}.Debug|x64.Build.0 = Debug|Any CPU
		{4B9EF4D0-262C-4326-94B5-92FBD31F7575}.Debug|x86.ActiveCfg = Debug|Any CPU
		{4B9EF4D0-262C-4326-94B5-92FBD31F7575}.Debug|x86.Build.0 = Debug|Any CPU
		{4B9EF4D0-262C-4326-94B5-92FBD31F7575}.Release|Any CPU.ActiveCfg = Release|Any CPU
		{4B9EF4D0-262C-4326-94B5-92FBD31F7575}.Release|Any CPU.Build.0 = Release|Any CPU
		{4B9EF4D0-262C-4326-94B5-92FBD31F7575}.Release|x64.ActiveCfg = Release|Any CPU
		{4B9EF4D0-262C-4326-94B5-92FBD31F7575}.Release|x64.Build.0 = Release|Any CPU
		{4B9EF4D0-262C-4326-94B5-92FBD31F7575}.Release|x86.ActiveCfg = Release|Any CPU
		{4B9EF4D0-262C-4326-94B5-92FBD31F7575}.Release|x86.Build.0 = Release|Any CPU
		{D06A3CAE-D740-4352-BFA9-B713505888B8}.Debug|Any CPU.ActiveCfg = Debug|Any CPU
		{D06A3CAE-D740-4352-BFA9-B713505888B8}.Debug|Any CPU.Build.0 = Debug|Any CPU
		{D06A3CAE-D740-4352-BFA9-B713505888B8}.Debug|x64.ActiveCfg = Debug|Any CPU
		{D06A3CAE-D740-4352-BFA9-B713505888B8}.Debug|x64.Build.0 = Debug|Any CPU
		{D06A3CAE-D740-4352-BFA9-B713505888B8}.Debug|x86.ActiveCfg = Debug|Any CPU
		{D06A3CAE-D740-4352-BFA9-B713505888B8}.Debug|x86.Build.0 = Debug|Any CPU
		{D06A3CAE-D740-4352-BFA9-B713505888B8}.Release|Any CPU.ActiveCfg = Release|Any CPU
		{D06A3CAE-D740-4352-BFA9-B713505888B8}.Release|Any CPU.Build.0 = Release|Any CPU
		{D06A3CAE-D740-4352-BFA9-B713505888B8}.Release|x64.ActiveCfg = Release|Any CPU
		{D06A3CAE-D740-4352-BFA9-B713505888B8}.Release|x64.Build.0 = Release|Any CPU
		{D06A3CAE-D740-4352-BFA9-B713505888B8}.Release|x86.ActiveCfg = Release|Any CPU
		{D06A3CAE-D740-4352-BFA9-B713505888B8}.Release|x86.Build.0 = Release|Any CPU
		{6A153261-950B-45FF-99D6-91A85E805DF2}.Debug|Any CPU.ActiveCfg = Debug|Any CPU
		{6A153261-950B-45FF-99D6-91A85E805DF2}.Debug|Any CPU.Build.0 = Debug|Any CPU
		{6A153261-950B-45FF-99D6-91A85E805DF2}.Debug|x64.ActiveCfg = Debug|Any CPU
		{6A153261-950B-45FF-99D6-91A85E805DF2}.Debug|x64.Build.0 = Debug|Any CPU
		{6A153261-950B-45FF-99D6-91A85E805DF2}.Debug|x86.ActiveCfg = Debug|Any CPU
		{6A153261-950B-45FF-99D6-91A85E805DF2}.Debug|x86.Build.0 = Debug|Any CPU
		{6A153261-950B-45FF-99D6-91A85E805DF2}.Release|Any CPU.ActiveCfg = Release|Any CPU
		{6A153261-950B-45FF-99D6-91A85E805DF2}.Release|Any CPU.Build.0 = Release|Any CPU
		{6A153261-950B-45FF-99D6-91A85E805DF2}.Release|x64.ActiveCfg = Release|Any CPU
		{6A153261-950B-45FF-99D6-91A85E805DF2}.Release|x64.Build.0 = Release|Any CPU
		{6A153261-950B-45FF-99D6-91A85E805DF2}.Release|x86.ActiveCfg = Release|Any CPU
		{6A153261-950B-45FF-99D6-91A85E805DF2}.Release|x86.Build.0 = Release|Any CPU
		{F2B7A739-E41B-43A8-A446-6A3A3BFA6D45}.Debug|Any CPU.ActiveCfg = Debug|Any CPU
		{F2B7A739-E41B-43A8-A446-6A3A3BFA6D45}.Debug|Any CPU.Build.0 = Debug|Any CPU
		{F2B7A739-E41B-43A8-A446-6A3A3BFA6D45}.Debug|x64.ActiveCfg = Debug|Any CPU
		{F2B7A739-E41B-43A8-A446-6A3A3BFA6D45}.Debug|x64.Build.0 = Debug|Any CPU
		{F2B7A739-E41B-43A8-A446-6A3A3BFA6D45}.Debug|x86.ActiveCfg = Debug|Any CPU
		{F2B7A739-E41B-43A8-A446-6A3A3BFA6D45}.Debug|x86.Build.0 = Debug|Any CPU
		{F2B7A739-E41B-43A8-A446-6A3A3BFA6D45}.Release|Any CPU.ActiveCfg = Release|Any CPU
		{F2B7A739-E41B-43A8-A446-6A3A3BFA6D45}.Release|Any CPU.Build.0 = Release|Any CPU
		{F2B7A739-E41B-43A8-A446-6A3A3BFA6D45}.Release|x64.ActiveCfg = Release|Any CPU
		{F2B7A739-E41B-43A8-A446-6A3A3BFA6D45}.Release|x64.Build.0 = Release|Any CPU
		{F2B7A739-E41B-43A8-A446-6A3A3BFA6D45}.Release|x86.ActiveCfg = Release|Any CPU
		{F2B7A739-E41B-43A8-A446-6A3A3BFA6D45}.Release|x86.Build.0 = Release|Any CPU
		{8479C1FD-DBA6-4F76-A787-241F7284EFE9}.Debug|Any CPU.ActiveCfg = Debug|Any CPU
		{8479C1FD-DBA6-4F76-A787-241F7284EFE9}.Debug|Any CPU.Build.0 = Debug|Any CPU
		{8479C1FD-DBA6-4F76-A787-241F7284EFE9}.Debug|x64.ActiveCfg = Debug|Any CPU
		{8479C1FD-DBA6-4F76-A787-241F7284EFE9}.Debug|x64.Build.0 = Debug|Any CPU
		{8479C1FD-DBA6-4F76-A787-241F7284EFE9}.Debug|x86.ActiveCfg = Debug|Any CPU
		{8479C1FD-DBA6-4F76-A787-241F7284EFE9}.Debug|x86.Build.0 = Debug|Any CPU
		{8479C1FD-DBA6-4F76-A787-241F7284EFE9}.Release|Any CPU.ActiveCfg = Release|Any CPU
		{8479C1FD-DBA6-4F76-A787-241F7284EFE9}.Release|Any CPU.Build.0 = Release|Any CPU
		{8479C1FD-DBA6-4F76-A787-241F7284EFE9}.Release|x64.ActiveCfg = Release|Any CPU
		{8479C1FD-DBA6-4F76-A787-241F7284EFE9}.Release|x64.Build.0 = Release|Any CPU
		{8479C1FD-DBA6-4F76-A787-241F7284EFE9}.Release|x86.ActiveCfg = Release|Any CPU
		{8479C1FD-DBA6-4F76-A787-241F7284EFE9}.Release|x86.Build.0 = Release|Any CPU
		{C8244713-A449-455A-A2EB-E89E20D6D137}.Debug|Any CPU.ActiveCfg = Debug|Any CPU
		{C8244713-A449-455A-A2EB-E89E20D6D137}.Debug|Any CPU.Build.0 = Debug|Any CPU
		{C8244713-A449-455A-A2EB-E89E20D6D137}.Debug|x64.ActiveCfg = Debug|Any CPU
		{C8244713-A449-455A-A2EB-E89E20D6D137}.Debug|x64.Build.0 = Debug|Any CPU
		{C8244713-A449-455A-A2EB-E89E20D6D137}.Debug|x86.ActiveCfg = Debug|Any CPU
		{C8244713-A449-455A-A2EB-E89E20D6D137}.Debug|x86.Build.0 = Debug|Any CPU
		{C8244713-A449-455A-A2EB-E89E20D6D137}.Release|Any CPU.ActiveCfg = Release|Any CPU
		{C8244713-A449-455A-A2EB-E89E20D6D137}.Release|Any CPU.Build.0 = Release|Any CPU
		{C8244713-A449-455A-A2EB-E89E20D6D137}.Release|x64.ActiveCfg = Release|Any CPU
		{C8244713-A449-455A-A2EB-E89E20D6D137}.Release|x64.Build.0 = Release|Any CPU
		{C8244713-A449-455A-A2EB-E89E20D6D137}.Release|x86.ActiveCfg = Release|Any CPU
		{C8244713-A449-455A-A2EB-E89E20D6D137}.Release|x86.Build.0 = Release|Any CPU
		{2B4506AE-B3EB-47A6-97A7-D79651CA5D6B}.Debug|Any CPU.ActiveCfg = Debug|Any CPU
		{2B4506AE-B3EB-47A6-97A7-D79651CA5D6B}.Debug|Any CPU.Build.0 = Debug|Any CPU
		{2B4506AE-B3EB-47A6-97A7-D79651CA5D6B}.Debug|x64.ActiveCfg = Debug|Any CPU
		{2B4506AE-B3EB-47A6-97A7-D79651CA5D6B}.Debug|x64.Build.0 = Debug|Any CPU
		{2B4506AE-B3EB-47A6-97A7-D79651CA5D6B}.Debug|x86.ActiveCfg = Debug|Any CPU
		{2B4506AE-B3EB-47A6-97A7-D79651CA5D6B}.Debug|x86.Build.0 = Debug|Any CPU
		{2B4506AE-B3EB-47A6-97A7-D79651CA5D6B}.Release|Any CPU.ActiveCfg = Release|Any CPU
		{2B4506AE-B3EB-47A6-97A7-D79651CA5D6B}.Release|Any CPU.Build.0 = Release|Any CPU
		{2B4506AE-B3EB-47A6-97A7-D79651CA5D6B}.Release|x64.ActiveCfg = Release|Any CPU
		{2B4506AE-B3EB-47A6-97A7-D79651CA5D6B}.Release|x64.Build.0 = Release|Any CPU
		{2B4506AE-B3EB-47A6-97A7-D79651CA5D6B}.Release|x86.ActiveCfg = Release|Any CPU
		{2B4506AE-B3EB-47A6-97A7-D79651CA5D6B}.Release|x86.Build.0 = Release|Any CPU
		{004BA099-9D58-442A-AA08-DA510A42E014}.Debug|Any CPU.ActiveCfg = Debug|Any CPU
		{004BA099-9D58-442A-AA08-DA510A42E014}.Debug|Any CPU.Build.0 = Debug|Any CPU
		{004BA099-9D58-442A-AA08-DA510A42E014}.Debug|x64.ActiveCfg = Debug|Any CPU
		{004BA099-9D58-442A-AA08-DA510A42E014}.Debug|x64.Build.0 = Debug|Any CPU
		{004BA099-9D58-442A-AA08-DA510A42E014}.Debug|x86.ActiveCfg = Debug|Any CPU
		{004BA099-9D58-442A-AA08-DA510A42E014}.Debug|x86.Build.0 = Debug|Any CPU
		{004BA099-9D58-442A-AA08-DA510A42E014}.Release|Any CPU.ActiveCfg = Release|Any CPU
		{004BA099-9D58-442A-AA08-DA510A42E014}.Release|Any CPU.Build.0 = Release|Any CPU
		{004BA099-9D58-442A-AA08-DA510A42E014}.Release|x64.ActiveCfg = Release|Any CPU
		{004BA099-9D58-442A-AA08-DA510A42E014}.Release|x64.Build.0 = Release|Any CPU
		{004BA099-9D58-442A-AA08-DA510A42E014}.Release|x86.ActiveCfg = Release|Any CPU
		{004BA099-9D58-442A-AA08-DA510A42E014}.Release|x86.Build.0 = Release|Any CPU
		{95A93E5F-3AD9-46D5-B258-C8ADD38C88C4}.Debug|Any CPU.ActiveCfg = Debug|Any CPU
		{95A93E5F-3AD9-46D5-B258-C8ADD38C88C4}.Debug|Any CPU.Build.0 = Debug|Any CPU
		{95A93E5F-3AD9-46D5-B258-C8ADD38C88C4}.Debug|x64.ActiveCfg = Debug|Any CPU
		{95A93E5F-3AD9-46D5-B258-C8ADD38C88C4}.Debug|x64.Build.0 = Debug|Any CPU
		{95A93E5F-3AD9-46D5-B258-C8ADD38C88C4}.Debug|x86.ActiveCfg = Debug|Any CPU
		{95A93E5F-3AD9-46D5-B258-C8ADD38C88C4}.Debug|x86.Build.0 = Debug|Any CPU
		{95A93E5F-3AD9-46D5-B258-C8ADD38C88C4}.Release|Any CPU.ActiveCfg = Release|Any CPU
		{95A93E5F-3AD9-46D5-B258-C8ADD38C88C4}.Release|Any CPU.Build.0 = Release|Any CPU
		{95A93E5F-3AD9-46D5-B258-C8ADD38C88C4}.Release|x64.ActiveCfg = Release|Any CPU
		{95A93E5F-3AD9-46D5-B258-C8ADD38C88C4}.Release|x64.Build.0 = Release|Any CPU
		{95A93E5F-3AD9-46D5-B258-C8ADD38C88C4}.Release|x86.ActiveCfg = Release|Any CPU
		{95A93E5F-3AD9-46D5-B258-C8ADD38C88C4}.Release|x86.Build.0 = Release|Any CPU
		{221A56AD-5146-46C6-B605-9B845BB673C2}.Debug|Any CPU.ActiveCfg = Debug|Any CPU
		{221A56AD-5146-46C6-B605-9B845BB673C2}.Debug|Any CPU.Build.0 = Debug|Any CPU
		{221A56AD-5146-46C6-B605-9B845BB673C2}.Debug|x64.ActiveCfg = Debug|Any CPU
		{221A56AD-5146-46C6-B605-9B845BB673C2}.Debug|x64.Build.0 = Debug|Any CPU
		{221A56AD-5146-46C6-B605-9B845BB673C2}.Debug|x86.ActiveCfg = Debug|Any CPU
		{221A56AD-5146-46C6-B605-9B845BB673C2}.Debug|x86.Build.0 = Debug|Any CPU
		{221A56AD-5146-46C6-B605-9B845BB673C2}.Release|Any CPU.ActiveCfg = Release|Any CPU
		{221A56AD-5146-46C6-B605-9B845BB673C2}.Release|Any CPU.Build.0 = Release|Any CPU
		{221A56AD-5146-46C6-B605-9B845BB673C2}.Release|x64.ActiveCfg = Release|Any CPU
		{221A56AD-5146-46C6-B605-9B845BB673C2}.Release|x64.Build.0 = Release|Any CPU
		{221A56AD-5146-46C6-B605-9B845BB673C2}.Release|x86.ActiveCfg = Release|Any CPU
		{221A56AD-5146-46C6-B605-9B845BB673C2}.Release|x86.Build.0 = Release|Any CPU
		{2006F572-6CF7-4CA0-A89A-8F9175C64770}.Debug|Any CPU.ActiveCfg = Debug|Any CPU
		{2006F572-6CF7-4CA0-A89A-8F9175C64770}.Debug|Any CPU.Build.0 = Debug|Any CPU
		{2006F572-6CF7-4CA0-A89A-8F9175C64770}.Debug|x64.ActiveCfg = Debug|Any CPU
		{2006F572-6CF7-4CA0-A89A-8F9175C64770}.Debug|x64.Build.0 = Debug|Any CPU
		{2006F572-6CF7-4CA0-A89A-8F9175C64770}.Debug|x86.ActiveCfg = Debug|Any CPU
		{2006F572-6CF7-4CA0-A89A-8F9175C64770}.Debug|x86.Build.0 = Debug|Any CPU
		{2006F572-6CF7-4CA0-A89A-8F9175C64770}.Release|Any CPU.ActiveCfg = Release|Any CPU
		{2006F572-6CF7-4CA0-A89A-8F9175C64770}.Release|Any CPU.Build.0 = Release|Any CPU
		{2006F572-6CF7-4CA0-A89A-8F9175C64770}.Release|x64.ActiveCfg = Release|Any CPU
		{2006F572-6CF7-4CA0-A89A-8F9175C64770}.Release|x64.Build.0 = Release|Any CPU
		{2006F572-6CF7-4CA0-A89A-8F9175C64770}.Release|x86.ActiveCfg = Release|Any CPU
		{2006F572-6CF7-4CA0-A89A-8F9175C64770}.Release|x86.Build.0 = Release|Any CPU
		{58EDF5D0-621A-413E-A937-44C9BB855601}.Debug|Any CPU.ActiveCfg = Debug|Any CPU
		{58EDF5D0-621A-413E-A937-44C9BB855601}.Debug|Any CPU.Build.0 = Debug|Any CPU
		{58EDF5D0-621A-413E-A937-44C9BB855601}.Debug|x64.ActiveCfg = Debug|Any CPU
		{58EDF5D0-621A-413E-A937-44C9BB855601}.Debug|x64.Build.0 = Debug|Any CPU
		{58EDF5D0-621A-413E-A937-44C9BB855601}.Debug|x86.ActiveCfg = Debug|Any CPU
		{58EDF5D0-621A-413E-A937-44C9BB855601}.Debug|x86.Build.0 = Debug|Any CPU
		{58EDF5D0-621A-413E-A937-44C9BB855601}.Release|Any CPU.ActiveCfg = Release|Any CPU
		{58EDF5D0-621A-413E-A937-44C9BB855601}.Release|Any CPU.Build.0 = Release|Any CPU
		{58EDF5D0-621A-413E-A937-44C9BB855601}.Release|x64.ActiveCfg = Release|Any CPU
		{58EDF5D0-621A-413E-A937-44C9BB855601}.Release|x64.Build.0 = Release|Any CPU
		{58EDF5D0-621A-413E-A937-44C9BB855601}.Release|x86.ActiveCfg = Release|Any CPU
		{58EDF5D0-621A-413E-A937-44C9BB855601}.Release|x86.Build.0 = Release|Any CPU
	EndGlobalSection
	GlobalSection(SolutionProperties) = preSolution
		HideSolutionNode = FALSE
	EndGlobalSection
	GlobalSection(NestedProjects) = preSolution
		{01234567-89AB-CDEF-0123-456789ABCDEF} = {A1B2C3D4-E5F6-7890-ABCD-EF1234567890}
		{12345678-9ABC-DEF0-1234-56789ABCDEF0} = {A1B2C3D4-E5F6-7890-ABCD-EF1234567890}
		{23456789-ABCD-EF01-2345-6789ABCDEF01} = {A1B2C3D4-E5F6-7890-ABCD-EF1234567890}
		{3456789A-BCDE-F012-3456-789ABCDEF012} = {A1B2C3D4-E5F6-7890-ABCD-EF1234567890}
		{456789AB-CDEF-0123-4567-89ABCDEF0123} = {A1B2C3D4-E5F6-7890-ABCD-EF1234567890}
		{56789ABC-DEF0-1234-5678-9ABCDEF01234} = {A1B2C3D4-E5F6-7890-ABCD-EF1234567890}
		{7F4F868D-0035-4240-9D60-703F37CF43FA} = {A1B2C3D4-E5F6-7890-ABCD-EF1234567890}
		{72C81C8D-D379-4A42-A24F-61A0E073384D} = {A1B2C3D4-E5F6-7890-ABCD-EF1234567890}
		{6FA87D48-0A1A-4683-A042-8A6AD922EA04} = {A1B2C3D4-E5F6-7890-ABCD-EF1234567890}
		{65CD59F2-6628-4C50-BF0E-9CE490CA3DD0} = {5D20AA90-6969-D8BD-9DCD-8634F4692FDA}
		{D92C2F84-0758-84FD-AFAF-C716EE92515D} = {A1B2C3D4-E5F6-7890-ABCD-EF1234567890}
		{DA3F6D4A-4BDB-A8C2-E5BC-B271C90F99CF} = {D92C2F84-0758-84FD-AFAF-C716EE92515D}
		{ED4B2622-263D-44E6-B245-7930BFB67618} = {DA3F6D4A-4BDB-A8C2-E5BC-B271C90F99CF}
		{57C239FF-B37E-BA1A-2010-CFDE7F07F27E} = {D92C2F84-0758-84FD-AFAF-C716EE92515D}
		{4B9EF4D0-262C-4326-94B5-92FBD31F7575} = {57C239FF-B37E-BA1A-2010-CFDE7F07F27E}
		{D06A3CAE-D740-4352-BFA9-B713505888B8} = {B2C3D4E5-F6A7-8901-BCDE-F12345678901}
		{6A153261-950B-45FF-99D6-91A85E805DF2} = {B2C3D4E5-F6A7-8901-BCDE-F12345678901}
		{F2B7A739-E41B-43A8-A446-6A3A3BFA6D45} = {B2C3D4E5-F6A7-8901-BCDE-F12345678901}
		{8479C1FD-DBA6-4F76-A787-241F7284EFE9} = {B2C3D4E5-F6A7-8901-BCDE-F12345678901}
		{C8244713-A449-455A-A2EB-E89E20D6D137} = {B2C3D4E5-F6A7-8901-BCDE-F12345678901}
		{2B4506AE-B3EB-47A6-97A7-D79651CA5D6B} = {B2C3D4E5-F6A7-8901-BCDE-F12345678901}
		{004BA099-9D58-442A-AA08-DA510A42E014} = {B2C3D4E5-F6A7-8901-BCDE-F12345678901}
		{95A93E5F-3AD9-46D5-B258-C8ADD38C88C4} = {B2C3D4E5-F6A7-8901-BCDE-F12345678901}
		{221A56AD-5146-46C6-B605-9B845BB673C2} = {A1B2C3D4-E5F6-7890-ABCD-EF1234567890}
		{2006F572-6CF7-4CA0-A89A-8F9175C64770} = {A1B2C3D4-E5F6-7890-ABCD-EF1234567890}
		{58EDF5D0-621A-413E-A937-44C9BB855601} = {A1B2C3D4-E5F6-7890-ABCD-EF1234567890}
	EndGlobalSection
EndGlobal
